// !$*UTF8*$!
{
	archiveVersion = 1;
	classes = {
	};
	objectVersion = 46;
	objects = {

/* Begin PBXBuildFile section */
		EFEBEA9F1ECAE0020051B243 /* AppDelegate.swift in Sources */ = {isa = PBXBuildFile; fileRef = EFEBEA9E1ECAE0020051B243 /* AppDelegate.swift */; };
		EFEBEAA11ECAE0020051B243 /* ViewController.swift in Sources */ = {isa = PBXBuildFile; fileRef = EFEBEAA01ECAE0020051B243 /* ViewController.swift */; };
		EFEBEAA41ECAE0030051B243 /* Main.storyboard in Resources */ = {isa = PBXBuildFile; fileRef = EFEBEAA21ECAE0030051B243 /* Main.storyboard */; };
		EFEBEAA61ECAE0030051B243 /* Assets.xcassets in Resources */ = {isa = PBXBuildFile; fileRef = EFEBEAA51ECAE0030051B243 /* Assets.xcassets */; };
		EFEBEAA91ECAE0030051B243 /* LaunchScreen.storyboard in Resources */ = {isa = PBXBuildFile; fileRef = EFEBEAA71ECAE0030051B243 /* LaunchScreen.storyboard */; };
		EFEBEAB41ECAE0030051B243 /* SushiAppTests.swift in Sources */ = {isa = PBXBuildFile; fileRef = EFEBEAB31ECAE0030051B243 /* SushiAppTests.swift */; };
		EFEBEABF1ECAE0030051B243 /* SushiAppUITests.swift in Sources */ = {isa = PBXBuildFile; fileRef = EFEBEABE1ECAE0030051B243 /* SushiAppUITests.swift */; };
/* End PBXBuildFile section */

/* Begin PBXContainerItemProxy section */
		EFEBEAB01ECAE0030051B243 /* PBXContainerItemProxy */ = {
			isa = PBXContainerItemProxy;
			containerPortal = EFEBEA931ECAE0020051B243 /* Project object */;
			proxyType = 1;
			remoteGlobalIDString = EFEBEA9A1ECAE0020051B243;
			remoteInfo = SushiApp;
		};
		EFEBEABB1ECAE0030051B243 /* PBXContainerItemProxy */ = {
			isa = PBXContainerItemProxy;
			containerPortal = EFEBEA931ECAE0020051B243 /* Project object */;
			proxyType = 1;
			remoteGlobalIDString = EFEBEA9A1ECAE0020051B243;
			remoteInfo = SushiApp;
		};
/* End PBXContainerItemProxy section */

/* Begin PBXFileReference section */
		EFEBEA9B1ECAE0020051B243 /* SushiApp.app */ = {isa = PBXFileReference; explicitFileType = wrapper.application; includeInIndex = 0; path = SushiApp.app; sourceTree = BUILT_PRODUCTS_DIR; };
		EFEBEA9E1ECAE0020051B243 /* AppDelegate.swift */ = {isa = PBXFileReference; lastKnownFileType = sourcecode.swift; path = AppDelegate.swift; sourceTree = "<group>"; };
		EFEBEAA01ECAE0020051B243 /* ViewController.swift */ = {isa = PBXFileReference; lastKnownFileType = sourcecode.swift; path = ViewController.swift; sourceTree = "<group>"; };
		EFEBEAA31ECAE0030051B243 /* Base */ = {isa = PBXFileReference; lastKnownFileType = file.storyboard; name = Base; path = Base.lproj/Main.storyboard; sourceTree = "<group>"; };
		EFEBEAA51ECAE0030051B243 /* Assets.xcassets */ = {isa = PBXFileReference; lastKnownFileType = folder.assetcatalog; path = Assets.xcassets; sourceTree = "<group>"; };
		EFEBEAA81ECAE0030051B243 /* Base */ = {isa = PBXFileReference; lastKnownFileType = file.storyboard; name = Base; path = Base.lproj/LaunchScreen.storyboard; sourceTree = "<group>"; };
		EFEBEAAA1ECAE0030051B243 /* Info.plist */ = {isa = PBXFileReference; lastKnownFileType = text.plist.xml; path = Info.plist; sourceTree = "<group>"; };
		EFEBEAAF1ECAE0030051B243 /* SushiAppTests.xctest */ = {isa = PBXFileReference; explicitFileType = wrapper.cfbundle; includeInIndex = 0; path = SushiAppTests.xctest; sourceTree = BUILT_PRODUCTS_DIR; };
		EFEBEAB31ECAE0030051B243 /* SushiAppTests.swift */ = {isa = PBXFileReference; lastKnownFileType = sourcecode.swift; path = SushiAppTests.swift; sourceTree = "<group>"; };
		EFEBEAB51ECAE0030051B243 /* Info.plist */ = {isa = PBXFileReference; lastKnownFileType = text.plist.xml; path = Info.plist; sourceTree = "<group>"; };
		EFEBEABA1ECAE0030051B243 /* SushiAppUITests.xctest */ = {isa = PBXFileReference; explicitFileType = wrapper.cfbundle; includeInIndex = 0; path = SushiAppUITests.xctest; sourceTree = BUILT_PRODUCTS_DIR; };
		EFEBEABE1ECAE0030051B243 /* SushiAppUITests.swift */ = {isa = PBXFileReference; lastKnownFileType = sourcecode.swift; path = SushiAppUITests.swift; sourceTree = "<group>"; };
		EFEBEAC01ECAE0030051B243 /* Info.plist */ = {isa = PBXFileReference; lastKnownFileType = text.plist.xml; path = Info.plist; sourceTree = "<group>"; };
/* End PBXFileReference section */

/* Begin PBXFrameworksBuildPhase section */
		EFEBEA981ECAE0020051B243 /* Frameworks */ = {
			isa = PBXFrameworksBuildPhase;
			buildActionMask = 2147483647;
			files = (
			);
			runOnlyForDeploymentPostprocessing = 0;
		};
		EFEBEAAC1ECAE0030051B243 /* Frameworks */ = {
			isa = PBXFrameworksBuildPhase;
			buildActionMask = 2147483647;
			files = (
			);
			runOnlyForDeploymentPostprocessing = 0;
		};
		EFEBEAB71ECAE0030051B243 /* Frameworks */ = {
			isa = PBXFrameworksBuildPhase;
			buildActionMask = 2147483647;
			files = (
			);
			runOnlyForDeploymentPostprocessing = 0;
		};
/* End PBXFrameworksBuildPhase section */

/* Begin PBXGroup section */
		EFEBEA921ECAE0020051B243 = {
			isa = PBXGroup;
			children = (
				EFEBEA9D1ECAE0020051B243 /* SushiApp */,
				EFEBEAB21ECAE0030051B243 /* SushiAppTests */,
				EFEBEABD1ECAE0030051B243 /* SushiAppUITests */,
				EFEBEA9C1ECAE0020051B243 /* Products */,
			);
			sourceTree = "<group>";
		};
		EFEBEA9C1ECAE0020051B243 /* Products */ = {
			isa = PBXGroup;
			children = (
				EFEBEA9B1ECAE0020051B243 /* SushiApp.app */,
				EFEBEAAF1ECAE0030051B243 /* SushiAppTests.xctest */,
				EFEBEABA1ECAE0030051B243 /* SushiAppUITests.xctest */,
			);
			name = Products;
			sourceTree = "<group>";
		};
		EFEBEA9D1ECAE0020051B243 /* SushiApp */ = {
			isa = PBXGroup;
			children = (
				EFEBEA9E1ECAE0020051B243 /* AppDelegate.swift */,
				EFEBEAA01ECAE0020051B243 /* ViewController.swift */,
				EFEBEAA21ECAE0030051B243 /* Main.storyboard */,
				EFEBEAA51ECAE0030051B243 /* Assets.xcassets */,
				EFEBEAA71ECAE0030051B243 /* LaunchScreen.storyboard */,
				EFEBEAAA1ECAE0030051B243 /* Info.plist */,
			);
			path = SushiApp;
			sourceTree = "<group>";
		};
		EFEBEAB21ECAE0030051B243 /* SushiAppTests */ = {
			isa = PBXGroup;
			children = (
				EFEBEAB31ECAE0030051B243 /* SushiAppTests.swift */,
				EFEBEAB51ECAE0030051B243 /* Info.plist */,
			);
			path = SushiAppTests;
			sourceTree = "<group>";
		};
		EFEBEABD1ECAE0030051B243 /* SushiAppUITests */ = {
			isa = PBXGroup;
			children = (
				EFEBEABE1ECAE0030051B243 /* SushiAppUITests.swift */,
				EFEBEAC01ECAE0030051B243 /* Info.plist */,
			);
			path = SushiAppUITests;
			sourceTree = "<group>";
		};
/* End PBXGroup section */

/* Begin PBXNativeTarget section */
		EFEBEA9A1ECAE0020051B243 /* SushiApp */ = {
			isa = PBXNativeTarget;
			buildConfigurationList = EFEBEAC31ECAE0030051B243 /* Build configuration list for PBXNativeTarget "SushiApp" */;
			buildPhases = (
				EFEBEA971ECAE0020051B243 /* Sources */,
				EFEBEA981ECAE0020051B243 /* Frameworks */,
				EFEBEA991ECAE0020051B243 /* Resources */,
			);
			buildRules = (
			);
			dependencies = (
			);
			name = SushiApp;
			productName = SushiApp;
			productReference = EFEBEA9B1ECAE0020051B243 /* SushiApp.app */;
			productType = "com.apple.product-type.application";
		};
		EFEBEAAE1ECAE0030051B243 /* SushiAppTests */ = {
			isa = PBXNativeTarget;
			buildConfigurationList = EFEBEAC61ECAE0030051B243 /* Build configuration list for PBXNativeTarget "SushiAppTests" */;
			buildPhases = (
				EFEBEAAB1ECAE0030051B243 /* Sources */,
				EFEBEAAC1ECAE0030051B243 /* Frameworks */,
				EFEBEAAD1ECAE0030051B243 /* Resources */,
			);
			buildRules = (
			);
			dependencies = (
				EFEBEAB11ECAE0030051B243 /* PBXTargetDependency */,
			);
			name = SushiAppTests;
			productName = SushiAppTests;
			productReference = EFEBEAAF1ECAE0030051B243 /* SushiAppTests.xctest */;
			productType = "com.apple.product-type.bundle.unit-test";
		};
		EFEBEAB91ECAE0030051B243 /* SushiAppUITests */ = {
			isa = PBXNativeTarget;
			buildConfigurationList = EFEBEAC91ECAE0030051B243 /* Build configuration list for PBXNativeTarget "SushiAppUITests" */;
			buildPhases = (
				EFEBEAB61ECAE0030051B243 /* Sources */,
				EFEBEAB71ECAE0030051B243 /* Frameworks */,
				EFEBEAB81ECAE0030051B243 /* Resources */,
			);
			buildRules = (
			);
			dependencies = (
				EFEBEABC1ECAE0030051B243 /* PBXTargetDependency */,
			);
			name = SushiAppUITests;
			productName = SushiAppUITests;
			productReference = EFEBEABA1ECAE0030051B243 /* SushiAppUITests.xctest */;
			productType = "com.apple.product-type.bundle.ui-testing";
		};
/* End PBXNativeTarget section */

/* Begin PBXProject section */
		EFEBEA931ECAE0020051B243 /* Project object */ = {
			isa = PBXProject;
			attributes = {
				LastSwiftUpdateCheck = 0820;
				LastUpgradeCheck = 0820;
				ORGANIZATIONNAME = "JUAN MARÍA JUSUE ROYAN";
				TargetAttributes = {
					EFEBEA9A1ECAE0020051B243 = {
						CreatedOnToolsVersion = 8.2.1;
						DevelopmentTeam = 86CZ52Y2CQ;
						ProvisioningStyle = Automatic;
					};
					EFEBEAAE1ECAE0030051B243 = {
						CreatedOnToolsVersion = 8.2.1;
						DevelopmentTeam = 86CZ52Y2CQ;
						ProvisioningStyle = Automatic;
						TestTargetID = EFEBEA9A1ECAE0020051B243;
					};
					EFEBEAB91ECAE0030051B243 = {
						CreatedOnToolsVersion = 8.2.1;
						DevelopmentTeam = 86CZ52Y2CQ;
						ProvisioningStyle = Automatic;
						TestTargetID = EFEBEA9A1ECAE0020051B243;
					};
				};
			};
			buildConfigurationList = EFEBEA961ECAE0020051B243 /* Build configuration list for PBXProject "SushiApp" */;
			compatibilityVersion = "Xcode 3.2";
			developmentRegion = English;
			hasScannedForEncodings = 0;
			knownRegions = (
				en,
				Base,
			);
			mainGroup = EFEBEA921ECAE0020051B243;
			productRefGroup = EFEBEA9C1ECAE0020051B243 /* Products */;
			projectDirPath = "";
			projectRoot = "";
			targets = (
				EFEBEA9A1ECAE0020051B243 /* SushiApp */,
				EFEBEAAE1ECAE0030051B243 /* SushiAppTests */,
				EFEBEAB91ECAE0030051B243 /* SushiAppUITests */,
			);
		};
/* End PBXProject section */

/* Begin PBXResourcesBuildPhase section */
		EFEBEA991ECAE0020051B243 /* Resources */ = {
			isa = PBXResourcesBuildPhase;
			buildActionMask = 2147483647;
			files = (
				EFEBEAA91ECAE0030051B243 /* LaunchScreen.storyboard in Resources */,
				EFEBEAA61ECAE0030051B243 /* Assets.xcassets in Resources */,
				EFEBEAA41ECAE0030051B243 /* Main.storyboard in Resources */,
			);
			runOnlyForDeploymentPostprocessing = 0;
		};
		EFEBEAAD1ECAE0030051B243 /* Resources */ = {
			isa = PBXResourcesBuildPhase;
			buildActionMask = 2147483647;
			files = (
			);
			runOnlyForDeploymentPostprocessing = 0;
		};
		EFEBEAB81ECAE0030051B243 /* Resources */ = {
			isa = PBXResourcesBuildPhase;
			buildActionMask = 2147483647;
			files = (
			);
			runOnlyForDeploymentPostprocessing = 0;
		};
/* End PBXResourcesBuildPhase section */

/* Begin PBXSourcesBuildPhase section */
		EFEBEA971ECAE0020051B243 /* Sources */ = {
			isa = PBXSourcesBuildPhase;
			buildActionMask = 2147483647;
			files = (
				EFEBEAA11ECAE0020051B243 /* ViewController.swift in Sources */,
				EFEBEA9F1ECAE0020051B243 /* AppDelegate.swift in Sources */,
			);
			runOnlyForDeploymentPostprocessing = 0;
		};
		EFEBEAAB1ECAE0030051B243 /* Sources */ = {
			isa = PBXSourcesBuildPhase;
			buildActionMask = 2147483647;
			files = (
				EFEBEAB41ECAE0030051B243 /* SushiAppTests.swift in Sources */,
			);
			runOnlyForDeploymentPostprocessing = 0;
		};
		EFEBEAB61ECAE0030051B243 /* Sources */ = {
			isa = PBXSourcesBuildPhase;
			buildActionMask = 2147483647;
			files = (
				EFEBEABF1ECAE0030051B243 /* SushiAppUITests.swift in Sources */,
			);
			runOnlyForDeploymentPostprocessing = 0;
		};
/* End PBXSourcesBuildPhase section */

/* Begin PBXTargetDependency section */
		EFEBEAB11ECAE0030051B243 /* PBXTargetDependency */ = {
			isa = PBXTargetDependency;
			target = EFEBEA9A1ECAE0020051B243 /* SushiApp */;
			targetProxy = EFEBEAB01ECAE0030051B243 /* PBXContainerItemProxy */;
		};
		EFEBEABC1ECAE0030051B243 /* PBXTargetDependency */ = {
			isa = PBXTargetDependency;
			target = EFEBEA9A1ECAE0020051B243 /* SushiApp */;
			targetProxy = EFEBEABB1ECAE0030051B243 /* PBXContainerItemProxy */;
		};
/* End PBXTargetDependency section */

/* Begin PBXVariantGroup section */
		EFEBEAA21ECAE0030051B243 /* Main.storyboard */ = {
			isa = PBXVariantGroup;
			children = (
				EFEBEAA31ECAE0030051B243 /* Base */,
			);
			name = Main.storyboard;
			sourceTree = "<group>";
		};
		EFEBEAA71ECAE0030051B243 /* LaunchScreen.storyboard */ = {
			isa = PBXVariantGroup;
			children = (
				EFEBEAA81ECAE0030051B243 /* Base */,
			);
			name = LaunchScreen.storyboard;
			sourceTree = "<group>";
		};
/* End PBXVariantGroup section */

/* Begin XCBuildConfiguration section */
		EFEBEAC11ECAE0030051B243 /* Debug */ = {
			isa = XCBuildConfiguration;
			buildSettings = {
				ALWAYS_SEARCH_USER_PATHS = NO;
				CLANG_ANALYZER_NONNULL = YES;
				CLANG_CXX_LANGUAGE_STANDARD = "gnu++0x";
				CLANG_CXX_LIBRARY = "libc++";
				CLANG_ENABLE_MODULES = YES;
				CLANG_ENABLE_OBJC_ARC = YES;
				CLANG_WARN_BOOL_CONVERSION = YES;
				CLANG_WARN_CONSTANT_CONVERSION = YES;
				CLANG_WARN_DIRECT_OBJC_ISA_USAGE = YES_ERROR;
				CLANG_WARN_DOCUMENTATION_COMMENTS = YES;
				CLANG_WARN_EMPTY_BODY = YES;
				CLANG_WARN_ENUM_CONVERSION = YES;
				CLANG_WARN_INFINITE_RECURSION = YES;
				CLANG_WARN_INT_CONVERSION = YES;
				CLANG_WARN_OBJC_ROOT_CLASS = YES_ERROR;
				CLANG_WARN_SUSPICIOUS_MOVE = YES;
				CLANG_WARN_UNREACHABLE_CODE = YES;
				CLANG_WARN__DUPLICATE_METHOD_MATCH = YES;
				"CODE_SIGN_IDENTITY[sdk=iphoneos*]" = "iPhone Developer";
				COPY_PHASE_STRIP = NO;
				DEBUG_INFORMATION_FORMAT = dwarf;
				ENABLE_STRICT_OBJC_MSGSEND = YES;
				ENABLE_TESTABILITY = YES;
				GCC_C_LANGUAGE_STANDARD = gnu99;
				GCC_DYNAMIC_NO_PIC = NO;
				GCC_NO_COMMON_BLOCKS = YES;
				GCC_OPTIMIZATION_LEVEL = 0;
				GCC_PREPROCESSOR_DEFINITIONS = (
					"DEBUG=1",
					"$(inherited)",
				);
				GCC_WARN_64_TO_32_BIT_CONVERSION = YES;
				GCC_WARN_ABOUT_RETURN_TYPE = YES_ERROR;
				GCC_WARN_UNDECLARED_SELECTOR = YES;
				GCC_WARN_UNINITIALIZED_AUTOS = YES_AGGRESSIVE;
				GCC_WARN_UNUSED_FUNCTION = YES;
				GCC_WARN_UNUSED_VARIABLE = YES;
				IPHONEOS_DEPLOYMENT_TARGET = 10.2;
				MTL_ENABLE_DEBUG_INFO = YES;
				ONLY_ACTIVE_ARCH = YES;
				SDKROOT = iphoneos;
				SWIFT_ACTIVE_COMPILATION_CONDITIONS = DEBUG;
				SWIFT_OPTIMIZATION_LEVEL = "-Onone";
				TARGETED_DEVICE_FAMILY = "1,2";
			};
			name = Debug;
		};
		EFEBEAC21ECAE0030051B243 /* Release */ = {
			isa = XCBuildConfiguration;
			buildSettings = {
				ALWAYS_SEARCH_USER_PATHS = NO;
				CLANG_ANALYZER_NONNULL = YES;
				CLANG_CXX_LANGUAGE_STANDARD = "gnu++0x";
				CLANG_CXX_LIBRARY = "libc++";
				CLANG_ENABLE_MODULES = YES;
				CLANG_ENABLE_OBJC_ARC = YES;
				CLANG_WARN_BOOL_CONVERSION = YES;
				CLANG_WARN_CONSTANT_CONVERSION = YES;
				CLANG_WARN_DIRECT_OBJC_ISA_USAGE = YES_ERROR;
				CLANG_WARN_DOCUMENTATION_COMMENTS = YES;
				CLANG_WARN_EMPTY_BODY = YES;
				CLANG_WARN_ENUM_CONVERSION = YES;
				CLANG_WARN_INFINITE_RECURSION = YES;
				CLANG_WARN_INT_CONVERSION = YES;
				CLANG_WARN_OBJC_ROOT_CLASS = YES_ERROR;
				CLANG_WARN_SUSPICIOUS_MOVE = YES;
				CLANG_WARN_UNREACHABLE_CODE = YES;
				CLANG_WARN__DUPLICATE_METHOD_MATCH = YES;
				"CODE_SIGN_IDENTITY[sdk=iphoneos*]" = "iPhone Developer";
				COPY_PHASE_STRIP = NO;
				DEBUG_INFORMATION_FORMAT = "dwarf-with-dsym";
				ENABLE_NS_ASSERTIONS = NO;
				ENABLE_STRICT_OBJC_MSGSEND = YES;
				GCC_C_LANGUAGE_STANDARD = gnu99;
				GCC_NO_COMMON_BLOCKS = YES;
				GCC_WARN_64_TO_32_BIT_CONVERSION = YES;
				GCC_WARN_ABOUT_RETURN_TYPE = YES_ERROR;
				GCC_WARN_UNDECLARED_SELECTOR = YES;
				GCC_WARN_UNINITIALIZED_AUTOS = YES_AGGRESSIVE;
				GCC_WARN_UNUSED_FUNCTION = YES;
				GCC_WARN_UNUSED_VARIABLE = YES;
				IPHONEOS_DEPLOYMENT_TARGET = 10.2;
				MTL_ENABLE_DEBUG_INFO = NO;
				SDKROOT = iphoneos;
				SWIFT_OPTIMIZATION_LEVEL = "-Owholemodule";
				TARGETED_DEVICE_FAMILY = "1,2";
				VALIDATE_PRODUCT = YES;
			};
			name = Release;
		};
		EFEBEAC41ECAE0030051B243 /* Debug */ = {
			isa = XCBuildConfiguration;
			buildSettings = {
				ASSETCATALOG_COMPILER_APPICON_NAME = AppIcon;
				DEVELOPMENT_TEAM = 86CZ52Y2CQ;
				INFOPLIST_FILE = SushiApp/Info.plist;
				LD_RUNPATH_SEARCH_PATHS = "$(inherited) @executable_path/Frameworks";
				PRODUCT_BUNDLE_IDENTIFIER = "U-TAD.SushiApp";
				PRODUCT_NAME = "$(TARGET_NAME)";
				SWIFT_VERSION = 3.0;
			};
			name = Debug;
		};
		EFEBEAC51ECAE0030051B243 /* Release */ = {
			isa = XCBuildConfiguration;
			buildSettings = {
				ASSETCATALOG_COMPILER_APPICON_NAME = AppIcon;
				DEVELOPMENT_TEAM = 86CZ52Y2CQ;
				INFOPLIST_FILE = SushiApp/Info.plist;
				LD_RUNPATH_SEARCH_PATHS = "$(inherited) @executable_path/Frameworks";
				PRODUCT_BUNDLE_IDENTIFIER = "U-TAD.SushiApp";
				PRODUCT_NAME = "$(TARGET_NAME)";
				SWIFT_VERSION = 3.0;
			};
			name = Release;
		};
		EFEBEAC71ECAE0030051B243 /* Debug */ = {
			isa = XCBuildConfiguration;
			buildSettings = {
				ALWAYS_EMBED_SWIFT_STANDARD_LIBRARIES = YES;
				BUNDLE_LOADER = "$(TEST_HOST)";
				DEVELOPMENT_TEAM = 86CZ52Y2CQ;
				INFOPLIST_FILE = SushiAppTests/Info.plist;
				LD_RUNPATH_SEARCH_PATHS = "$(inherited) @executable_path/Frameworks @loader_path/Frameworks";
				PRODUCT_BUNDLE_IDENTIFIER = "U-TAD.SushiAppTests";
				PRODUCT_NAME = "$(TARGET_NAME)";
				SWIFT_VERSION = 3.0;
				TEST_HOST = "$(BUILT_PRODUCTS_DIR)/SushiApp.app/SushiApp";
			};
			name = Debug;
		};
		EFEBEAC81ECAE0030051B243 /* Release */ = {
			isa = XCBuildConfiguration;
			buildSettings = {
				ALWAYS_EMBED_SWIFT_STANDARD_LIBRARIES = YES;
				BUNDLE_LOADER = "$(TEST_HOST)";
				DEVELOPMENT_TEAM = 86CZ52Y2CQ;
				INFOPLIST_FILE = SushiAppTests/Info.plist;
				LD_RUNPATH_SEARCH_PATHS = "$(inherited) @executable_path/Frameworks @loader_path/Frameworks";
				PRODUCT_BUNDLE_IDENTIFIER = "U-TAD.SushiAppTests";
				PRODUCT_NAME = "$(TARGET_NAME)";
				SWIFT_VERSION = 3.0;
				TEST_HOST = "$(BUILT_PRODUCTS_DIR)/SushiApp.app/SushiApp";
			};
			name = Release;
		};
		EFEBEACA1ECAE0030051B243 /* Debug */ = {
			isa = XCBuildConfiguration;
			buildSettings = {
				ALWAYS_EMBED_SWIFT_STANDARD_LIBRARIES = YES;
				DEVELOPMENT_TEAM = 86CZ52Y2CQ;
				INFOPLIST_FILE = SushiAppUITests/Info.plist;
				LD_RUNPATH_SEARCH_PATHS = "$(inherited) @executable_path/Frameworks @loader_path/Frameworks";
				PRODUCT_BUNDLE_IDENTIFIER = "U-TAD.SushiAppUITests";
				PRODUCT_NAME = "$(TARGET_NAME)";
				SWIFT_VERSION = 3.0;
				TEST_TARGET_NAME = SushiApp;
			};
			name = Debug;
		};
		EFEBEACB1ECAE0030051B243 /* Release */ = {
			isa = XCBuildConfiguration;
			buildSettings = {
				ALWAYS_EMBED_SWIFT_STANDARD_LIBRARIES = YES;
				DEVELOPMENT_TEAM = 86CZ52Y2CQ;
				INFOPLIST_FILE = SushiAppUITests/Info.plist;
				LD_RUNPATH_SEARCH_PATHS = "$(inherited) @executable_path/Frameworks @loader_path/Frameworks";
				PRODUCT_BUNDLE_IDENTIFIER = "U-TAD.SushiAppUITests";
				PRODUCT_NAME = "$(TARGET_NAME)";
				SWIFT_VERSION = 3.0;
				TEST_TARGET_NAME = SushiApp;
			};
			name = Release;
		};
/* End XCBuildConfiguration section */

/* Begin XCConfigurationList section */
		EFEBEA961ECAE0020051B243 /* Build configuration list for PBXProject "SushiApp" */ = {
			isa = XCConfigurationList;
			buildConfigurations = (
				EFEBEAC11ECAE0030051B243 /* Debug */,
				EFEBEAC21ECAE0030051B243 /* Release */,
			);
			defaultConfigurationIsVisible = 0;
			defaultConfigurationName = Release;
		};
		EFEBEAC31ECAE0030051B243 /* Build configuration list for PBXNativeTarget "SushiApp" */ = {
			isa = XCConfigurationList;
			buildConfigurations = (
				EFEBEAC41ECAE0030051B243 /* Debug */,
				EFEBEAC51ECAE0030051B243 /* Release */,
			);
			defaultConfigurationIsVisible = 0;
		};
		EFEBEAC61ECAE0030051B243 /* Build configuration list for PBXNativeTarget "SushiAppTests" */ = {
			isa = XCConfigurationList;
			buildConfigurations = (
				EFEBEAC71ECAE0030051B243 /* Debug */,
				EFEBEAC81ECAE0030051B243 /* Release */,
			);
			defaultConfigurationIsVisible = 0;
		};
		EFEBEAC91ECAE0030051B243 /* Build configuration list for PBXNativeTarget "SushiAppUITests" */ = {
			isa = XCConfigurationList;
			buildConfigurations = (
				EFEBEACA1ECAE0030051B243 /* Debug */,
				EFEBEACB1ECAE0030051B243 /* Release */,
			);
			defaultConfigurationIsVisible = 0;
		};
/* End XCConfigurationList section */
	};
	rootObject = EFEBEA931ECAE0020051B243 /* Project object */;
}
